
Microsoft Visual Studio Solution File, Format Version 12.00
# Visual Studio Version 16
VisualStudioVersion = 16.0.31515.178
MinimumVisualStudioVersion = 10.0.40219.1
Project("{FAE04EC0-301F-11D3-BF4B-00C04F79EFBC}") = "TestSomeApi", "TestSomeApi\TestSomeApi.csproj", "{232B11BA-8E59-4396-89DC-217C1738FEAE}"
EndProject
Global
	GlobalSection(SolutionConfigurationPlatforms) = preSolution
		Debug|Any CPU = Debug|Any CPU
		Release|Any CPU = Release|Any CPU
	EndGlobalSection
	GlobalSection(ProjectConfigurationPlatforms) = postSolution
		{232B11BA-8E59-4396-89DC-217C1738FEAE}.Debug|Any CPU.ActiveCfg = Debug|Any CPU
		{232B11BA-8E59-4396-89DC-217C1738FEAE}.Debug|Any CPU.Build.0 = Debug|Any CPU
		{232B11BA-8E59-4396-89DC-217C1738FEAE}.Release|Any CPU.ActiveCfg = Release|Any CPU
		{232B11BA-8E59-4396-89DC-217C1738FEAE}.Release|Any CPU.Build.0 = Release|Any CPU
	EndGlobalSection
	GlobalSection(SolutionProperties) = preSolution
		HideSolutionNode = FALSE
	EndGlobalSection
	GlobalSection(ExtensibilityGlobals) = postSolution
		SolutionGuid = {F3BC4DD7-F6C8-4A88-89FE-8CDFF223BA69}
	EndGlobalSection
EndGlobal
